{
    "_meta": {
        "hash": {
            "sha256": "2421a3c464f2b7459238cf5b8639646c8750027095b3e8f6f15399ce7b5b5554"
        },
        "pipfile-spec": 6,
        "requires": {
            "python_version": "3.6"
        },
        "sources": [
            {
                "name": "pypi",
                "url": "https://pypi.tuna.tsinghua.edu.cn/simple",
                "verify_ssl": true
            }
        ]
    },
    "default": {},
    "develop": {}
}
